
Microsoft Visual Studio Solution File, Format Version 12.00
# Visual Studio Version 17
VisualStudioVersion = 17.3.32901.215
MinimumVisualStudioVersion = 10.0.40219.1
Project("{9A19103F-16F7-4668-BE54-9A1E7A4F7556}") = "ServerlessRESTAzure", "ServerlessRESTAzure.csproj", "{A909E183-7BD4-4D0B-AEA8-651680EBE294}"
EndProject
Global
	GlobalSection(SolutionConfigurationPlatforms) = preSolution
		Debug|Any CPU = Debug|Any CPU
		Release|Any CPU = Release|Any CPU
	EndGlobalSection
	GlobalSection(ProjectConfigurationPlatforms) = postSolution
		{A909E183-7BD4-4D0B-AEA8-651680EBE294}.Debug|Any CPU.ActiveCfg = Debug|Any CPU
		{A909E183-7BD4-4D0B-AEA8-651680EBE294}.Debug|Any CPU.Build.0 = Debug|Any CPU
		{A909E183-7BD4-4D0B-AEA8-651680EBE294}.Release|Any CPU.ActiveCfg = Release|Any CPU
		{A909E183-7BD4-4D0B-AEA8-651680EBE294}.Release|Any CPU.Build.0 = Release|Any CPU
	EndGlobalSection
	GlobalSection(SolutionProperties) = preSolution
		HideSolutionNode = FALSE
	EndGlobalSection
	GlobalSection(ExtensibilityGlobals) = postSolution
		SolutionGuid = {D9976666-AC37-4C7C-98A5-DAE94C011710}
	EndGlobalSection
EndGlobal
